// !$*UTF8*$!
{
	archiveVersion = 1;
	classes = {
	};
	objectVersion = 46;
	objects = {

/* Begin PBXBuildFile section */
		2B03C8D31AB29A3600EEDFA6 /* QYTCamera.cpp in Sources */ = {isa = PBXBuildFile; fileRef = 2B03C8D11AB29A3600EEDFA6 /* QYTCamera.cpp */; };
		2B03C8D61AB2A23B00EEDFA6 /* QYTPerspectiveCamera.cpp in Sources */ = {isa = PBXBuildFile; fileRef = 2B03C8D41AB2A23B00EEDFA6 /* QYTPerspectiveCamera.cpp */; };
		2B03C8D91AB2AED200EEDFA6 /* targa.c in Sources */ = {isa = PBXBuildFile; fileRef = 2B03C8D71AB2AED200EEDFA6 /* targa.c */; };
		2B148C041A9EFBA400BDF4FD /* QYTSpectrum.cpp in Sources */ = {isa = PBXBuildFile; fileRef = 2B148C021A9EFBA400BDF4FD /* QYTSpectrum.cpp */; };
		2B468FEF1AA32E19004C25EE /* QYTSampler.cpp in Sources */ = {isa = PBXBuildFile; fileRef = 2B468FED1AA32E19004C25EE /* QYTSampler.cpp */; };
		2B468FF21AA42150004C25EE /* QYTQuaternion.cpp in Sources */ = {isa = PBXBuildFile; fileRef = 2B468FF01AA42150004C25EE /* QYTQuaternion.cpp */; };
		2B468FF51AA44ECD004C25EE /* QYTAnimatedTransform.cpp in Sources */ = {isa = PBXBuildFile; fileRef = 2B468FF31AA44ECD004C25EE /* QYTAnimatedTransform.cpp */; };
		2B468FF81AA46581004C25EE /* QYTFilm.cpp in Sources */ = {isa = PBXBuildFile; fileRef = 2B468FF61AA46581004C25EE /* QYTFilm.cpp */; };
		2B468FFC1AA47299004C25EE /* QYTFilter.cpp in Sources */ = {isa = PBXBuildFile; fileRef = 2B468FFA1AA47299004C25EE /* QYTFilter.cpp */; };
		2B4690001AA4B59C004C25EE /* QYTBoxFilter.cpp in Sources */ = {isa = PBXBuildFile; fileRef = 2B468FFE1AA4B59C004C25EE /* QYTBoxFilter.cpp */; };
		2B4690031AA4B775004C25EE /* QYTImageFilm.cpp in Sources */ = {isa = PBXBuildFile; fileRef = 2B4690011AA4B775004C25EE /* QYTImageFilm.cpp */; };
		2B4FA1B91AB84B7400DEB055 /* QYTLambertian.cpp in Sources */ = {isa = PBXBuildFile; fileRef = 2B4FA1B71AB84B7400DEB055 /* QYTLambertian.cpp */; };
		2B4FA1BC1AB84E8600DEB055 /* QYTFucAPI.cpp in Sources */ = {isa = PBXBuildFile; fileRef = 2B4FA1BA1AB84E8600DEB055 /* QYTFucAPI.cpp */; };
		2B4FA1BF1AB85D1300DEB055 /* QYTTexture.cpp in Sources */ = {isa = PBXBuildFile; fileRef = 2B4FA1BD1AB85D1300DEB055 /* QYTTexture.cpp */; };
		2B4FA1C21AB85F8F00DEB055 /* QYTUVTexture.cpp in Sources */ = {isa = PBXBuildFile; fileRef = 2B4FA1C01AB85F8F00DEB055 /* QYTUVTexture.cpp */; };
		2B4FA1C61AB8665600DEB055 /* QYTMaterial.cpp in Sources */ = {isa = PBXBuildFile; fileRef = 2B4FA1C41AB8665600DEB055 /* QYTMaterial.cpp */; };
		2B588F8D1AA962CA004A0EA4 /* QYTStratifiedSampler.cpp in Sources */ = {isa = PBXBuildFile; fileRef = 2B588F8B1AA962CA004A0EA4 /* QYTStratifiedSampler.cpp */; };
		2B588FA91AA977FC004A0EA4 /* QYTRNG.cpp in Sources */ = {isa = PBXBuildFile; fileRef = 2B588FA71AA977FC004A0EA4 /* QYTRNG.cpp */; };
		2B61047F1AB45670003512A1 /* QYTReflection.cpp in Sources */ = {isa = PBXBuildFile; fileRef = 2B61047D1AB45670003512A1 /* QYTReflection.cpp */; };
		2B6104881AB70A23003512A1 /* main.cpp in Sources */ = {isa = PBXBuildFile; fileRef = 2B6104841AB70A23003512A1 /* main.cpp */; };
		2B6104891AB70A23003512A1 /* QYTError.cpp in Sources */ = {isa = PBXBuildFile; fileRef = 2B6104851AB70A23003512A1 /* QYTError.cpp */; };
		2B61048C1AB70A66003512A1 /* QYTTest.cpp in Sources */ = {isa = PBXBuildFile; fileRef = 2B61048A1AB70A66003512A1 /* QYTTest.cpp */; };
		2B61048F1AB70AA7003512A1 /* QYTTransform.cpp in Sources */ = {isa = PBXBuildFile; fileRef = 2B61048D1AB70AA7003512A1 /* QYTTransform.cpp */; };
		2BD99FE51A959BB4000B701E /* QYTSphere.cpp in Sources */ = {isa = PBXBuildFile; fileRef = 2BD99FE31A959BB4000B701E /* QYTSphere.cpp */; };
		2BD99FF51A95F685000B701E /* qyt_thread_safe_queue.cpp in Sources */ = {isa = PBXBuildFile; fileRef = 2BD99FEB1A95F685000B701E /* qyt_thread_safe_queue.cpp */; };
		2BD99FF61A95F685000B701E /* qyt_join_thread.cpp in Sources */ = {isa = PBXBuildFile; fileRef = 2BD99FED1A95F685000B701E /* qyt_join_thread.cpp */; };
		2BD99FF71A95F685000B701E /* qyt_function_wrapper.cpp in Sources */ = {isa = PBXBuildFile; fileRef = 2BD99FEF1A95F685000B701E /* qyt_function_wrapper.cpp */; };
		2BD99FF81A95F685000B701E /* qyt_work_stealing_queue.cpp in Sources */ = {isa = PBXBuildFile; fileRef = 2BD99FF11A95F685000B701E /* qyt_work_stealing_queue.cpp */; };
		2BD99FF91A95F685000B701E /* qyt_thread_pool.cpp in Sources */ = {isa = PBXBuildFile; fileRef = 2BD99FF31A95F685000B701E /* qyt_thread_pool.cpp */; };
		2BD9A0031A96327E000B701E /* QYTTimer.cpp in Sources */ = {isa = PBXBuildFile; fileRef = 2BD9A0011A96327E000B701E /* QYTTimer.cpp */; };
		2BDD51231AC3AF78000052FB /* QYTMemory.cpp in Sources */ = {isa = PBXBuildFile; fileRef = 2BDD51211AC3AF78000052FB /* QYTMemory.cpp */; };
		2BE37B611A946A98006536C2 /* QYTVector3.cpp in Sources */ = {isa = PBXBuildFile; fileRef = 2BE37B5F1A946A98006536C2 /* QYTVector3.cpp */; };
		2BE37B691A948F2C006536C2 /* QYTPoint3.cpp in Sources */ = {isa = PBXBuildFile; fileRef = 2BE37B671A948F2C006536C2 /* QYTPoint3.cpp */; };
		2BE37B701A94B9AB006536C2 /* QYTMatrix4x4.cpp in Sources */ = {isa = PBXBuildFile; fileRef = 2BE37B6E1A94B9AB006536C2 /* QYTMatrix4x4.cpp */; };
		2BE37B751A94C198006536C2 /* qyt_ray.cpp in Sources */ = {isa = PBXBuildFile; fileRef = 2BE37B711A94C198006536C2 /* qyt_ray.cpp */; };
		2BE37B761A94C198006536C2 /* qyt_bbox.cpp in Sources */ = {isa = PBXBuildFile; fileRef = 2BE37B731A94C198006536C2 /* qyt_bbox.cpp */; };
		2BE37B871A94EB5A006536C2 /* QYTShape.cpp in Sources */ = {isa = PBXBuildFile; fileRef = 2BE37B831A94EB5A006536C2 /* QYTShape.cpp */; };
		2BE37B881A94EB5A006536C2 /* QYTDifferentialGeometry.cpp in Sources */ = {isa = PBXBuildFile; fileRef = 2BE37B851A94EB5A006536C2 /* QYTDifferentialGeometry.cpp */; };
/* End PBXBuildFile section */

/* Begin PBXCopyFilesBuildPhase section */
		2BA32B531A908D1D00134940 /* CopyFiles */ = {
			isa = PBXCopyFilesBuildPhase;
			buildActionMask = 2147483647;
			dstPath = /usr/share/man/man1/;
			dstSubfolderSpec = 0;
			files = (
			);
			runOnlyForDeploymentPostprocessing = 1;
		};
/* End PBXCopyFilesBuildPhase section */

/* Begin PBXFileReference section */
		2B03C8D11AB29A3600EEDFA6 /* QYTCamera.cpp */ = {isa = PBXFileReference; fileEncoding = 4; lastKnownFileType = sourcecode.cpp.cpp; path = QYTCamera.cpp; sourceTree = "<group>"; };
		2B03C8D21AB29A3600EEDFA6 /* QYTCamera.h */ = {isa = PBXFileReference; fileEncoding = 4; lastKnownFileType = sourcecode.c.h; path = QYTCamera.h; sourceTree = "<group>"; };
		2B03C8D41AB2A23B00EEDFA6 /* QYTPerspectiveCamera.cpp */ = {isa = PBXFileReference; fileEncoding = 4; lastKnownFileType = sourcecode.cpp.cpp; path = QYTPerspectiveCamera.cpp; sourceTree = "<group>"; };
		2B03C8D51AB2A23B00EEDFA6 /* QYTPerspectiveCamera.h */ = {isa = PBXFileReference; fileEncoding = 4; lastKnownFileType = sourcecode.c.h; path = QYTPerspectiveCamera.h; sourceTree = "<group>"; };
		2B03C8D71AB2AED200EEDFA6 /* targa.c */ = {isa = PBXFileReference; fileEncoding = 4; lastKnownFileType = sourcecode.c.c; path = targa.c; sourceTree = "<group>"; };
		2B03C8D81AB2AED200EEDFA6 /* targa.h */ = {isa = PBXFileReference; fileEncoding = 4; lastKnownFileType = sourcecode.c.h; path = targa.h; sourceTree = "<group>"; };
		2B148C021A9EFBA400BDF4FD /* QYTSpectrum.cpp */ = {isa = PBXFileReference; fileEncoding = 4; lastKnownFileType = sourcecode.cpp.cpp; path = QYTSpectrum.cpp; sourceTree = "<group>"; };
		2B148C031A9EFBA400BDF4FD /* QYTSpectrum.h */ = {isa = PBXFileReference; fileEncoding = 4; lastKnownFileType = sourcecode.c.h; path = QYTSpectrum.h; sourceTree = "<group>"; };
		2B468FED1AA32E19004C25EE /* QYTSampler.cpp */ = {isa = PBXFileReference; fileEncoding = 4; lastKnownFileType = sourcecode.cpp.cpp; path = QYTSampler.cpp; sourceTree = "<group>"; };
		2B468FEE1AA32E19004C25EE /* QYTSampler.h */ = {isa = PBXFileReference; fileEncoding = 4; lastKnownFileType = sourcecode.c.h; path = QYTSampler.h; sourceTree = "<group>"; };
		2B468FF01AA42150004C25EE /* QYTQuaternion.cpp */ = {isa = PBXFileReference; fileEncoding = 4; lastKnownFileType = sourcecode.cpp.cpp; path = QYTQuaternion.cpp; sourceTree = "<group>"; };
		2B468FF11AA42150004C25EE /* QYTQuaternion.h */ = {isa = PBXFileReference; fileEncoding = 4; lastKnownFileType = sourcecode.c.h; path = QYTQuaternion.h; sourceTree = "<group>"; };
		2B468FF31AA44ECD004C25EE /* QYTAnimatedTransform.cpp */ = {isa = PBXFileReference; fileEncoding = 4; lastKnownFileType = sourcecode.cpp.cpp; path = QYTAnimatedTransform.cpp; sourceTree = "<group>"; };
		2B468FF41AA44ECD004C25EE /* QYTAnimatedTransform.h */ = {isa = PBXFileReference; fileEncoding = 4; lastKnownFileType = sourcecode.c.h; path = QYTAnimatedTransform.h; sourceTree = "<group>"; };
		2B468FF61AA46581004C25EE /* QYTFilm.cpp */ = {isa = PBXFileReference; fileEncoding = 4; lastKnownFileType = sourcecode.cpp.cpp; path = QYTFilm.cpp; sourceTree = "<group>"; };
		2B468FF71AA46581004C25EE /* QYTFilm.h */ = {isa = PBXFileReference; fileEncoding = 4; lastKnownFileType = sourcecode.c.h; path = QYTFilm.h; sourceTree = "<group>"; };
		2B468FFA1AA47299004C25EE /* QYTFilter.cpp */ = {isa = PBXFileReference; fileEncoding = 4; lastKnownFileType = sourcecode.cpp.cpp; path = QYTFilter.cpp; sourceTree = "<group>"; };
		2B468FFB1AA47299004C25EE /* QYTFilter.h */ = {isa = PBXFileReference; fileEncoding = 4; lastKnownFileType = sourcecode.c.h; path = QYTFilter.h; sourceTree = "<group>"; };
		2B468FFE1AA4B59C004C25EE /* QYTBoxFilter.cpp */ = {isa = PBXFileReference; fileEncoding = 4; lastKnownFileType = sourcecode.cpp.cpp; path = QYTBoxFilter.cpp; sourceTree = "<group>"; };
		2B468FFF1AA4B59C004C25EE /* QYTBoxFilter.h */ = {isa = PBXFileReference; fileEncoding = 4; lastKnownFileType = sourcecode.c.h; path = QYTBoxFilter.h; sourceTree = "<group>"; };
		2B4690011AA4B775004C25EE /* QYTImageFilm.cpp */ = {isa = PBXFileReference; fileEncoding = 4; lastKnownFileType = sourcecode.cpp.cpp; path = QYTImageFilm.cpp; sourceTree = "<group>"; };
		2B4690021AA4B775004C25EE /* QYTImageFilm.h */ = {isa = PBXFileReference; fileEncoding = 4; lastKnownFileType = sourcecode.c.h; path = QYTImageFilm.h; sourceTree = "<group>"; };
		2B4FA1B71AB84B7400DEB055 /* QYTLambertian.cpp */ = {isa = PBXFileReference; fileEncoding = 4; lastKnownFileType = sourcecode.cpp.cpp; path = QYTLambertian.cpp; sourceTree = "<group>"; };
		2B4FA1B81AB84B7400DEB055 /* QYTLambertian.h */ = {isa = PBXFileReference; fileEncoding = 4; lastKnownFileType = sourcecode.c.h; path = QYTLambertian.h; sourceTree = "<group>"; };
		2B4FA1BA1AB84E8600DEB055 /* QYTFucAPI.cpp */ = {isa = PBXFileReference; fileEncoding = 4; lastKnownFileType = sourcecode.cpp.cpp; path = QYTFucAPI.cpp; sourceTree = "<group>"; };
		2B4FA1BB1AB84E8600DEB055 /* QYTFucAPI.h */ = {isa = PBXFileReference; fileEncoding = 4; lastKnownFileType = sourcecode.c.h; path = QYTFucAPI.h; sourceTree = "<group>"; };
		2B4FA1BD1AB85D1300DEB055 /* QYTTexture.cpp */ = {isa = PBXFileReference; fileEncoding = 4; lastKnownFileType = sourcecode.cpp.cpp; path = QYTTexture.cpp; sourceTree = "<group>"; };
		2B4FA1BE1AB85D1300DEB055 /* QYTTexture.h */ = {isa = PBXFileReference; fileEncoding = 4; lastKnownFileType = sourcecode.c.h; path = QYTTexture.h; sourceTree = "<group>"; };
		2B4FA1C01AB85F8F00DEB055 /* QYTUVTexture.cpp */ = {isa = PBXFileReference; fileEncoding = 4; lastKnownFileType = sourcecode.cpp.cpp; path = QYTUVTexture.cpp; sourceTree = "<group>"; };
		2B4FA1C11AB85F8F00DEB055 /* QYTUVTexture.h */ = {isa = PBXFileReference; fileEncoding = 4; lastKnownFileType = sourcecode.c.h; path = QYTUVTexture.h; sourceTree = "<group>"; };
		2B4FA1C41AB8665600DEB055 /* QYTMaterial.cpp */ = {isa = PBXFileReference; fileEncoding = 4; lastKnownFileType = sourcecode.cpp.cpp; path = QYTMaterial.cpp; sourceTree = "<group>"; };
		2B4FA1C51AB8665600DEB055 /* QYTMaterial.h */ = {isa = PBXFileReference; fileEncoding = 4; lastKnownFileType = sourcecode.c.h; path = QYTMaterial.h; sourceTree = "<group>"; };
		2B588F8B1AA962CA004A0EA4 /* QYTStratifiedSampler.cpp */ = {isa = PBXFileReference; fileEncoding = 4; lastKnownFileType = sourcecode.cpp.cpp; path = QYTStratifiedSampler.cpp; sourceTree = "<group>"; };
		2B588F8C1AA962CA004A0EA4 /* QYTStratifiedSampler.h */ = {isa = PBXFileReference; fileEncoding = 4; lastKnownFileType = sourcecode.c.h; path = QYTStratifiedSampler.h; sourceTree = "<group>"; };
		2B588FA71AA977FC004A0EA4 /* QYTRNG.cpp */ = {isa = PBXFileReference; fileEncoding = 4; lastKnownFileType = sourcecode.cpp.cpp; path = QYTRNG.cpp; sourceTree = "<group>"; };
		2B588FA81AA977FC004A0EA4 /* QYTRNG.h */ = {isa = PBXFileReference; fileEncoding = 4; lastKnownFileType = sourcecode.c.h; path = QYTRNG.h; sourceTree = "<group>"; };
		2B61047D1AB45670003512A1 /* QYTReflection.cpp */ = {isa = PBXFileReference; fileEncoding = 4; lastKnownFileType = sourcecode.cpp.cpp; path = QYTReflection.cpp; sourceTree = "<group>"; };
		2B61047E1AB45670003512A1 /* QYTReflection.h */ = {isa = PBXFileReference; fileEncoding = 4; lastKnownFileType = sourcecode.c.h; path = QYTReflection.h; sourceTree = "<group>"; };
		2B6104841AB70A23003512A1 /* main.cpp */ = {isa = PBXFileReference; fileEncoding = 4; lastKnownFileType = sourcecode.cpp.cpp; path = main.cpp; sourceTree = "<group>"; };
		2B6104851AB70A23003512A1 /* QYTError.cpp */ = {isa = PBXFileReference; fileEncoding = 4; lastKnownFileType = sourcecode.cpp.cpp; path = QYTError.cpp; sourceTree = "<group>"; };
		2B6104861AB70A23003512A1 /* QYTError.h */ = {isa = PBXFileReference; fileEncoding = 4; lastKnownFileType = sourcecode.c.h; path = QYTError.h; sourceTree = "<group>"; };
		2B6104871AB70A23003512A1 /* qytr.h */ = {isa = PBXFileReference; fileEncoding = 4; lastKnownFileType = sourcecode.c.h; path = qytr.h; sourceTree = "<group>"; };
		2B61048A1AB70A66003512A1 /* QYTTest.cpp */ = {isa = PBXFileReference; fileEncoding = 4; lastKnownFileType = sourcecode.cpp.cpp; path = QYTTest.cpp; sourceTree = "<group>"; };
		2B61048B1AB70A66003512A1 /* QYTTest.h */ = {isa = PBXFileReference; fileEncoding = 4; lastKnownFileType = sourcecode.c.h; path = QYTTest.h; sourceTree = "<group>"; };
		2B61048D1AB70AA7003512A1 /* QYTTransform.cpp */ = {isa = PBXFileReference; fileEncoding = 4; lastKnownFileType = sourcecode.cpp.cpp; path = QYTTransform.cpp; sourceTree = "<group>"; };
		2B61048E1AB70AA7003512A1 /* QYTTransform.h */ = {isa = PBXFileReference; fileEncoding = 4; lastKnownFileType = sourcecode.c.h; path = QYTTransform.h; sourceTree = "<group>"; };
		2BA32B551A908D1D00134940 /* qyt_render_ver1.5 */ = {isa = PBXFileReference; explicitFileType = "compiled.mach-o.executable"; includeInIndex = 0; path = qyt_render_ver1.5; sourceTree = BUILT_PRODUCTS_DIR; };
		2BD99FE31A959BB4000B701E /* QYTSphere.cpp */ = {isa = PBXFileReference; fileEncoding = 4; lastKnownFileType = sourcecode.cpp.cpp; path = QYTSphere.cpp; sourceTree = "<group>"; };
		2BD99FE41A959BB4000B701E /* QYTSphere.h */ = {isa = PBXFileReference; fileEncoding = 4; lastKnownFileType = sourcecode.c.h; path = QYTSphere.h; sourceTree = "<group>"; };
		2BD99FEB1A95F685000B701E /* qyt_thread_safe_queue.cpp */ = {isa = PBXFileReference; fileEncoding = 4; lastKnownFileType = sourcecode.cpp.cpp; path = qyt_thread_safe_queue.cpp; sourceTree = "<group>"; };
		2BD99FEC1A95F685000B701E /* qyt_thread_safe_queue.h */ = {isa = PBXFileReference; fileEncoding = 4; lastKnownFileType = sourcecode.c.h; path = qyt_thread_safe_queue.h; sourceTree = "<group>"; };
		2BD99FED1A95F685000B701E /* qyt_join_thread.cpp */ = {isa = PBXFileReference; fileEncoding = 4; lastKnownFileType = sourcecode.cpp.cpp; path = qyt_join_thread.cpp; sourceTree = "<group>"; };
		2BD99FEE1A95F685000B701E /* qyt_join_thread.h */ = {isa = PBXFileReference; fileEncoding = 4; lastKnownFileType = sourcecode.c.h; path = qyt_join_thread.h; sourceTree = "<group>"; };
		2BD99FEF1A95F685000B701E /* qyt_function_wrapper.cpp */ = {isa = PBXFileReference; fileEncoding = 4; lastKnownFileType = sourcecode.cpp.cpp; path = qyt_function_wrapper.cpp; sourceTree = "<group>"; };
		2BD99FF01A95F685000B701E /* qyt_function_wrapper.h */ = {isa = PBXFileReference; fileEncoding = 4; lastKnownFileType = sourcecode.c.h; path = qyt_function_wrapper.h; sourceTree = "<group>"; };
		2BD99FF11A95F685000B701E /* qyt_work_stealing_queue.cpp */ = {isa = PBXFileReference; fileEncoding = 4; lastKnownFileType = sourcecode.cpp.cpp; path = qyt_work_stealing_queue.cpp; sourceTree = "<group>"; };
		2BD99FF21A95F685000B701E /* qyt_work_stealing_queue.h */ = {isa = PBXFileReference; fileEncoding = 4; lastKnownFileType = sourcecode.c.h; path = qyt_work_stealing_queue.h; sourceTree = "<group>"; };
		2BD99FF31A95F685000B701E /* qyt_thread_pool.cpp */ = {isa = PBXFileReference; fileEncoding = 4; lastKnownFileType = sourcecode.cpp.cpp; path = qyt_thread_pool.cpp; sourceTree = "<group>"; };
		2BD99FF41A95F685000B701E /* qyt_thread_pool.h */ = {isa = PBXFileReference; fileEncoding = 4; lastKnownFileType = sourcecode.c.h; path = qyt_thread_pool.h; sourceTree = "<group>"; };
		2BD9A0011A96327E000B701E /* QYTTimer.cpp */ = {isa = PBXFileReference; fileEncoding = 4; lastKnownFileType = sourcecode.cpp.cpp; path = QYTTimer.cpp; sourceTree = "<group>"; };
		2BD9A0021A96327E000B701E /* QYTTimer.h */ = {isa = PBXFileReference; fileEncoding = 4; lastKnownFileType = sourcecode.c.h; path = QYTTimer.h; sourceTree = "<group>"; };
		2BDD51211AC3AF78000052FB /* QYTMemory.cpp */ = {isa = PBXFileReference; fileEncoding = 4; lastKnownFileType = sourcecode.cpp.cpp; path = QYTMemory.cpp; sourceTree = "<group>"; };
		2BDD51221AC3AF78000052FB /* QYTMemory.h */ = {isa = PBXFileReference; fileEncoding = 4; lastKnownFileType = sourcecode.c.h; path = QYTMemory.h; sourceTree = "<group>"; };
		2BE37B5F1A946A98006536C2 /* QYTVector3.cpp */ = {isa = PBXFileReference; fileEncoding = 4; lastKnownFileType = sourcecode.cpp.cpp; path = QYTVector3.cpp; sourceTree = "<group>"; };
		2BE37B601A946A98006536C2 /* QYTVector3.h */ = {isa = PBXFileReference; fileEncoding = 4; lastKnownFileType = sourcecode.c.h; path = QYTVector3.h; sourceTree = "<group>"; };
		2BE37B671A948F2C006536C2 /* QYTPoint3.cpp */ = {isa = PBXFileReference; fileEncoding = 4; lastKnownFileType = sourcecode.cpp.cpp; path = QYTPoint3.cpp; sourceTree = "<group>"; };
		2BE37B681A948F2C006536C2 /* QYTPoint3.h */ = {isa = PBXFileReference; fileEncoding = 4; lastKnownFileType = sourcecode.c.h; path = QYTPoint3.h; sourceTree = "<group>"; };
		2BE37B6E1A94B9AB006536C2 /* QYTMatrix4x4.cpp */ = {isa = PBXFileReference; fileEncoding = 4; lastKnownFileType = sourcecode.cpp.cpp; path = QYTMatrix4x4.cpp; sourceTree = "<group>"; };
		2BE37B6F1A94B9AB006536C2 /* QYTMatrix4x4.h */ = {isa = PBXFileReference; fileEncoding = 4; lastKnownFileType = sourcecode.c.h; path = QYTMatrix4x4.h; sourceTree = "<group>"; };
		2BE37B711A94C198006536C2 /* qyt_ray.cpp */ = {isa = PBXFileReference; fileEncoding = 4; lastKnownFileType = sourcecode.cpp.cpp; path = qyt_ray.cpp; sourceTree = "<group>"; };
		2BE37B721A94C198006536C2 /* qyt_ray.h */ = {isa = PBXFileReference; fileEncoding = 4; lastKnownFileType = sourcecode.c.h; path = qyt_ray.h; sourceTree = "<group>"; };
		2BE37B731A94C198006536C2 /* qyt_bbox.cpp */ = {isa = PBXFileReference; fileEncoding = 4; lastKnownFileType = sourcecode.cpp.cpp; path = qyt_bbox.cpp; sourceTree = "<group>"; };
		2BE37B741A94C198006536C2 /* qyt_bbox.h */ = {isa = PBXFileReference; fileEncoding = 4; lastKnownFileType = sourcecode.c.h; path = qyt_bbox.h; sourceTree = "<group>"; };
		2BE37B7B1A94CA40006536C2 /* qyt_vector.h */ = {isa = PBXFileReference; lastKnownFileType = sourcecode.c.h; path = qyt_vector.h; sourceTree = "<group>"; };
		2BE37B7C1A94CA40006536C2 /* qyt_vector_def.h */ = {isa = PBXFileReference; lastKnownFileType = sourcecode.c.h; path = qyt_vector_def.h; sourceTree = "<group>"; };
		2BE37B7D1A94CA40006536C2 /* qyt_matrix.h */ = {isa = PBXFileReference; lastKnownFileType = sourcecode.c.h; path = qyt_matrix.h; sourceTree = "<group>"; };
		2BE37B7E1A94CA40006536C2 /* qyt_matrix_def.h */ = {isa = PBXFileReference; lastKnownFileType = sourcecode.c.h; path = qyt_matrix_def.h; sourceTree = "<group>"; };
		2BE37B831A94EB5A006536C2 /* QYTShape.cpp */ = {isa = PBXFileReference; fileEncoding = 4; lastKnownFileType = sourcecode.cpp.cpp; path = QYTShape.cpp; sourceTree = "<group>"; };
		2BE37B841A94EB5A006536C2 /* QYTShape.h */ = {isa = PBXFileReference; fileEncoding = 4; lastKnownFileType = sourcecode.c.h; path = QYTShape.h; sourceTree = "<group>"; };
		2BE37B851A94EB5A006536C2 /* QYTDifferentialGeometry.cpp */ = {isa = PBXFileReference; fileEncoding = 4; lastKnownFileType = sourcecode.cpp.cpp; path = QYTDifferentialGeometry.cpp; sourceTree = "<group>"; };
		2BE37B861A94EB5A006536C2 /* QYTDifferentialGeometry.h */ = {isa = PBXFileReference; fileEncoding = 4; lastKnownFileType = sourcecode.c.h; path = QYTDifferentialGeometry.h; sourceTree = "<group>"; };
/* End PBXFileReference section */

/* Begin PBXFrameworksBuildPhase section */
		2BA32B521A908D1D00134940 /* Frameworks */ = {
			isa = PBXFrameworksBuildPhase;
			buildActionMask = 2147483647;
			files = (
			);
			runOnlyForDeploymentPostprocessing = 0;
		};
/* End PBXFrameworksBuildPhase section */

/* Begin PBXGroup section */
		2B148C051A9EFBAA00BDF4FD /* spectrum */ = {
			isa = PBXGroup;
			children = (
				2B148C021A9EFBA400BDF4FD /* QYTSpectrum.cpp */,
				2B148C031A9EFBA400BDF4FD /* QYTSpectrum.h */,
			);
			name = spectrum;
			sourceTree = "<group>";
		};
		2B468FF91AA46587004C25EE /* film */ = {
			isa = PBXGroup;
			children = (
				2B03C8D71AB2AED200EEDFA6 /* targa.c */,
				2B03C8D81AB2AED200EEDFA6 /* targa.h */,
				2B468FF61AA46581004C25EE /* QYTFilm.cpp */,
				2B468FF71AA46581004C25EE /* QYTFilm.h */,
				2B4690011AA4B775004C25EE /* QYTImageFilm.cpp */,
				2B4690021AA4B775004C25EE /* QYTImageFilm.h */,
			);
			name = film;
			sourceTree = "<group>";
		};
		2B468FFD1AA4729E004C25EE /* filter */ = {
			isa = PBXGroup;
			children = (
				2B468FFA1AA47299004C25EE /* QYTFilter.cpp */,
				2B468FFB1AA47299004C25EE /* QYTFilter.h */,
				2B468FFE1AA4B59C004C25EE /* QYTBoxFilter.cpp */,
				2B468FFF1AA4B59C004C25EE /* QYTBoxFilter.h */,
			);
			name = filter;
			sourceTree = "<group>";
		};
		2B4FA1C31AB860AB00DEB055 /* texture */ = {
			isa = PBXGroup;
			children = (
				2B4FA1BD1AB85D1300DEB055 /* QYTTexture.cpp */,
				2B4FA1BE1AB85D1300DEB055 /* QYTTexture.h */,
				2B4FA1C01AB85F8F00DEB055 /* QYTUVTexture.cpp */,
				2B4FA1C11AB85F8F00DEB055 /* QYTUVTexture.h */,
			);
			name = texture;
			sourceTree = "<group>";
		};
		2B6104801AB45678003512A1 /* reflaction */ = {
			isa = PBXGroup;
			children = (
				2B61047D1AB45670003512A1 /* QYTReflection.cpp */,
				2B61047E1AB45670003512A1 /* QYTReflection.h */,
				2B4FA1B71AB84B7400DEB055 /* QYTLambertian.cpp */,
				2B4FA1B81AB84B7400DEB055 /* QYTLambertian.h */,
			);
			name = reflaction;
			sourceTree = "<group>";
		};
		2B99177F1A99CC0500D2D0F4 /* camera */ = {
			isa = PBXGroup;
			children = (
				2B03C8D11AB29A3600EEDFA6 /* QYTCamera.cpp */,
				2B03C8D21AB29A3600EEDFA6 /* QYTCamera.h */,
				2B03C8D41AB2A23B00EEDFA6 /* QYTPerspectiveCamera.cpp */,
				2B03C8D51AB2A23B00EEDFA6 /* QYTPerspectiveCamera.h */,
			);
			name = camera;
			sourceTree = "<group>";
		};
		2BA32B4C1A908D1D00134940 = {
			isa = PBXGroup;
			children = (
				2BA32B571A908D1D00134940 /* qyt_render_ver1.5 */,
				2BA32B561A908D1D00134940 /* Products */,
			);
			sourceTree = "<group>";
		};
		2BA32B561A908D1D00134940 /* Products */ = {
			isa = PBXGroup;
			children = (
				2BA32B551A908D1D00134940 /* qyt_render_ver1.5 */,
			);
			name = Products;
			sourceTree = "<group>";
		};
		2BA32B571A908D1D00134940 /* qyt_render_ver1.5 */ = {
			isa = PBXGroup;
			children = (
				2B6104841AB70A23003512A1 /* main.cpp */,
				2BA32B631A908D4100134940 /* fundation */,
			);
			path = qyt_render_ver1.5;
			sourceTree = "<group>";
		};
		2BA32B631A908D4100134940 /* fundation */ = {
			isa = PBXGroup;
			children = (
				2B6104851AB70A23003512A1 /* QYTError.cpp */,
				2B6104861AB70A23003512A1 /* QYTError.h */,
				2B6104871AB70A23003512A1 /* qytr.h */,
				2BD9A0011A96327E000B701E /* QYTTimer.cpp */,
				2BD9A0021A96327E000B701E /* QYTTimer.h */,
				2B588FA71AA977FC004A0EA4 /* QYTRNG.cpp */,
				2B588FA81AA977FC004A0EA4 /* QYTRNG.h */,
				2B4FA1BA1AB84E8600DEB055 /* QYTFucAPI.cpp */,
				2B4FA1BB1AB84E8600DEB055 /* QYTFucAPI.h */,
				2BDD51211AC3AF78000052FB /* QYTMemory.cpp */,
				2BDD51221AC3AF78000052FB /* QYTMemory.h */,
				2B468FFD1AA4729E004C25EE /* filter */,
				2B468FF91AA46587004C25EE /* film */,
				2B99177F1A99CC0500D2D0F4 /* camera */,
				2BE869FE1A96E3C90057D5A5 /* samplers */,
				2BD99FFA1A95F68A000B701E /* parallel */,
				2BD99FE21A958F7B000B701E /* test */,
				2BE37B7F1A94E161006536C2 /* geomerics */,
				2BE37B6D1A94B8AB006536C2 /* matrix */,
				2BE37B6A1A948F32006536C2 /* point */,
				2BE37B651A946E77006536C2 /* vector */,
				2B148C051A9EFBAA00BDF4FD /* spectrum */,
				2B6104801AB45678003512A1 /* reflaction */,
				2B4FA1C31AB860AB00DEB055 /* texture */,
				2B4FA1C41AB8665600DEB055 /* QYTMaterial.cpp */,
				2B4FA1C51AB8665600DEB055 /* QYTMaterial.h */,
			);
			name = fundation;
			sourceTree = "<group>";
		};
		2BD99FE21A958F7B000B701E /* test */ = {
			isa = PBXGroup;
			children = (
				2B61048A1AB70A66003512A1 /* QYTTest.cpp */,
				2B61048B1AB70A66003512A1 /* QYTTest.h */,
			);
			name = test;
			sourceTree = "<group>";
		};
		2BD99FE61A959BC8000B701E /* shapes */ = {
			isa = PBXGroup;
			children = (
				2BE37B831A94EB5A006536C2 /* QYTShape.cpp */,
				2BE37B841A94EB5A006536C2 /* QYTShape.h */,
				2BD99FE31A959BB4000B701E /* QYTSphere.cpp */,
				2BD99FE41A959BB4000B701E /* QYTSphere.h */,
			);
			name = shapes;
			sourceTree = "<group>";
		};
		2BD99FFA1A95F68A000B701E /* parallel */ = {
			isa = PBXGroup;
			children = (
				2BD99FEB1A95F685000B701E /* qyt_thread_safe_queue.cpp */,
				2BD99FEC1A95F685000B701E /* qyt_thread_safe_queue.h */,
				2BD99FED1A95F685000B701E /* qyt_join_thread.cpp */,
				2BD99FEE1A95F685000B701E /* qyt_join_thread.h */,
				2BD99FEF1A95F685000B701E /* qyt_function_wrapper.cpp */,
				2BD99FF01A95F685000B701E /* qyt_function_wrapper.h */,
				2BD99FF11A95F685000B701E /* qyt_work_stealing_queue.cpp */,
				2BD99FF21A95F685000B701E /* qyt_work_stealing_queue.h */,
				2BD99FF31A95F685000B701E /* qyt_thread_pool.cpp */,
				2BD99FF41A95F685000B701E /* qyt_thread_pool.h */,
			);
			name = parallel;
			sourceTree = "<group>";
		};
		2BE37B651A946E77006536C2 /* vector */ = {
			isa = PBXGroup;
			children = (
				2BE37B7B1A94CA40006536C2 /* qyt_vector.h */,
				2BE37B7C1A94CA40006536C2 /* qyt_vector_def.h */,
				2BE37B5F1A946A98006536C2 /* QYTVector3.cpp */,
				2BE37B601A946A98006536C2 /* QYTVector3.h */,
			);
			name = vector;
			sourceTree = "<group>";
		};
		2BE37B6A1A948F32006536C2 /* point */ = {
			isa = PBXGroup;
			children = (
				2BE37B671A948F2C006536C2 /* QYTPoint3.cpp */,
				2BE37B681A948F2C006536C2 /* QYTPoint3.h */,
			);
			name = point;
			sourceTree = "<group>";
		};
		2BE37B6D1A94B8AB006536C2 /* matrix */ = {
			isa = PBXGroup;
			children = (
				2BE37B6E1A94B9AB006536C2 /* QYTMatrix4x4.cpp */,
				2BE37B6F1A94B9AB006536C2 /* QYTMatrix4x4.h */,
				2BE37B7D1A94CA40006536C2 /* qyt_matrix.h */,
				2BE37B7E1A94CA40006536C2 /* qyt_matrix_def.h */,
			);
			name = matrix;
			sourceTree = "<group>";
		};
		2BE37B7F1A94E161006536C2 /* geomerics */ = {
			isa = PBXGroup;
			children = (
				2B61048D1AB70AA7003512A1 /* QYTTransform.cpp */,
				2B61048E1AB70AA7003512A1 /* QYTTransform.h */,
				2B468FF31AA44ECD004C25EE /* QYTAnimatedTransform.cpp */,
				2B468FF41AA44ECD004C25EE /* QYTAnimatedTransform.h */,
				2B468FF01AA42150004C25EE /* QYTQuaternion.cpp */,
				2B468FF11AA42150004C25EE /* QYTQuaternion.h */,
				2BE37B711A94C198006536C2 /* qyt_ray.cpp */,
				2BE37B721A94C198006536C2 /* qyt_ray.h */,
				2BE37B851A94EB5A006536C2 /* QYTDifferentialGeometry.cpp */,
				2BE37B861A94EB5A006536C2 /* QYTDifferentialGeometry.h */,
				2BE37B731A94C198006536C2 /* qyt_bbox.cpp */,
				2BE37B741A94C198006536C2 /* qyt_bbox.h */,
				2BD99FE61A959BC8000B701E /* shapes */,
			);
			name = geomerics;
			sourceTree = "<group>";
		};
		2BE869FE1A96E3C90057D5A5 /* samplers */ = {
			isa = PBXGroup;
			children = (
				2B468FED1AA32E19004C25EE /* QYTSampler.cpp */,
				2B468FEE1AA32E19004C25EE /* QYTSampler.h */,
				2B588F8B1AA962CA004A0EA4 /* QYTStratifiedSampler.cpp */,
				2B588F8C1AA962CA004A0EA4 /* QYTStratifiedSampler.h */,
			);
			name = samplers;
			sourceTree = "<group>";
		};
/* End PBXGroup section */

/* Begin PBXNativeTarget section */
		2BA32B541A908D1D00134940 /* qyt_render_ver1.5 */ = {
			isa = PBXNativeTarget;
			buildConfigurationList = 2BA32B5C1A908D1D00134940 /* Build configuration list for PBXNativeTarget "qyt_render_ver1.5" */;
			buildPhases = (
				2BA32B511A908D1D00134940 /* Sources */,
				2BA32B521A908D1D00134940 /* Frameworks */,
				2BA32B531A908D1D00134940 /* CopyFiles */,
			);
			buildRules = (
			);
			dependencies = (
			);
			name = qyt_render_ver1.5;
			productName = qyt_render_ver1.5;
			productReference = 2BA32B551A908D1D00134940 /* qyt_render_ver1.5 */;
			productType = "com.apple.product-type.tool";
		};
/* End PBXNativeTarget section */

/* Begin PBXProject section */
		2BA32B4D1A908D1D00134940 /* Project object */ = {
			isa = PBXProject;
			attributes = {
				LastUpgradeCheck = 0610;
				ORGANIZATIONNAME = "___JinJiangTiaoZhanBei___";
				TargetAttributes = {
					2BA32B541A908D1D00134940 = {
						CreatedOnToolsVersion = 6.1.1;
					};
				};
			};
			buildConfigurationList = 2BA32B501A908D1D00134940 /* Build configuration list for PBXProject "qyt_render_ver1.5" */;
			compatibilityVersion = "Xcode 3.2";
			developmentRegion = English;
			hasScannedForEncodings = 0;
			knownRegions = (
				en,
			);
			mainGroup = 2BA32B4C1A908D1D00134940;
			productRefGroup = 2BA32B561A908D1D00134940 /* Products */;
			projectDirPath = "";
			projectRoot = "";
			targets = (
				2BA32B541A908D1D00134940 /* qyt_render_ver1.5 */,
			);
		};
/* End PBXProject section */

/* Begin PBXSourcesBuildPhase section */
		2BA32B511A908D1D00134940 /* Sources */ = {
			isa = PBXSourcesBuildPhase;
			buildActionMask = 2147483647;
			files = (
				2BE37B871A94EB5A006536C2 /* QYTShape.cpp in Sources */,
				2BDD51231AC3AF78000052FB /* QYTMemory.cpp in Sources */,
				2BE37B611A946A98006536C2 /* QYTVector3.cpp in Sources */,
				2BE37B881A94EB5A006536C2 /* QYTDifferentialGeometry.cpp in Sources */,
				2B468FEF1AA32E19004C25EE /* QYTSampler.cpp in Sources */,
				2B6104891AB70A23003512A1 /* QYTError.cpp in Sources */,
				2BE37B691A948F2C006536C2 /* QYTPoint3.cpp in Sources */,
				2BD99FF61A95F685000B701E /* qyt_join_thread.cpp in Sources */,
				2B4FA1C21AB85F8F00DEB055 /* QYTUVTexture.cpp in Sources */,
				2BD99FE51A959BB4000B701E /* QYTSphere.cpp in Sources */,
				2BE37B751A94C198006536C2 /* qyt_ray.cpp in Sources */,
				2B148C041A9EFBA400BDF4FD /* QYTSpectrum.cpp in Sources */,
				2B468FFC1AA47299004C25EE /* QYTFilter.cpp in Sources */,
				2B4690001AA4B59C004C25EE /* QYTBoxFilter.cpp in Sources */,
				2B4FA1BC1AB84E8600DEB055 /* QYTFucAPI.cpp in Sources */,
				2B61047F1AB45670003512A1 /* QYTReflection.cpp in Sources */,
				2B468FF51AA44ECD004C25EE /* QYTAnimatedTransform.cpp in Sources */,
				2B588F8D1AA962CA004A0EA4 /* QYTStratifiedSampler.cpp in Sources */,
				2B03C8D31AB29A3600EEDFA6 /* QYTCamera.cpp in Sources */,
				2B4FA1C61AB8665600DEB055 /* QYTMaterial.cpp in Sources */,
				2B6104881AB70A23003512A1 /* main.cpp in Sources */,
				2B468FF21AA42150004C25EE /* QYTQuaternion.cpp in Sources */,
				2B588FA91AA977FC004A0EA4 /* QYTRNG.cpp in Sources */,
				2BE37B761A94C198006536C2 /* qyt_bbox.cpp in Sources */,
				2B4FA1B91AB84B7400DEB055 /* QYTLambertian.cpp in Sources */,
				2BD99FF71A95F685000B701E /* qyt_function_wrapper.cpp in Sources */,
				2BD99FF51A95F685000B701E /* qyt_thread_safe_queue.cpp in Sources */,
				2BD9A0031A96327E000B701E /* QYTTimer.cpp in Sources */,
				2B468FF81AA46581004C25EE /* QYTFilm.cpp in Sources */,
				2B4FA1BF1AB85D1300DEB055 /* QYTTexture.cpp in Sources */,
				2B4690031AA4B775004C25EE /* QYTImageFilm.cpp in Sources */,
				2B61048C1AB70A66003512A1 /* QYTTest.cpp in Sources */,
				2BD99FF91A95F685000B701E /* qyt_thread_pool.cpp in Sources */,
				2B61048F1AB70AA7003512A1 /* QYTTransform.cpp in Sources */,
				2BD99FF81A95F685000B701E /* qyt_work_stealing_queue.cpp in Sources */,
				2B03C8D91AB2AED200EEDFA6 /* targa.c in Sources */,
				2B03C8D61AB2A23B00EEDFA6 /* QYTPerspectiveCamera.cpp in Sources */,
				2BE37B701A94B9AB006536C2 /* QYTMatrix4x4.cpp in Sources */,
			);
			runOnlyForDeploymentPostprocessing = 0;
		};
/* End PBXSourcesBuildPhase section */

/* Begin XCBuildConfiguration section */
		2BA32B5A1A908D1D00134940 /* Debug */ = {
			isa = XCBuildConfiguration;
			buildSettings = {
				ALWAYS_SEARCH_USER_PATHS = NO;
				CLANG_CXX_LANGUAGE_STANDARD = "gnu++0x";
				CLANG_CXX_LIBRARY = "libc++";
				CLANG_ENABLE_MODULES = YES;
				CLANG_ENABLE_OBJC_ARC = YES;
				CLANG_WARN_BOOL_CONVERSION = YES;
				CLANG_WARN_CONSTANT_CONVERSION = YES;
				CLANG_WARN_DIRECT_OBJC_ISA_USAGE = YES_ERROR;
				CLANG_WARN_EMPTY_BODY = YES;
				CLANG_WARN_ENUM_CONVERSION = YES;
				CLANG_WARN_INT_CONVERSION = YES;
				CLANG_WARN_OBJC_ROOT_CLASS = YES_ERROR;
				CLANG_WARN_UNREACHABLE_CODE = YES;
				CLANG_WARN__DUPLICATE_METHOD_MATCH = YES;
				COPY_PHASE_STRIP = NO;
				ENABLE_STRICT_OBJC_MSGSEND = YES;
				GCC_C_LANGUAGE_STANDARD = gnu99;
				GCC_DYNAMIC_NO_PIC = NO;
				GCC_OPTIMIZATION_LEVEL = 0;
				GCC_PREPROCESSOR_DEFINITIONS = (
					"DEBUG=1",
					"$(inherited)",
				);
				GCC_SYMBOLS_PRIVATE_EXTERN = NO;
				GCC_WARN_64_TO_32_BIT_CONVERSION = YES;
				GCC_WARN_ABOUT_RETURN_TYPE = YES_ERROR;
				GCC_WARN_UNDECLARED_SELECTOR = YES;
				GCC_WARN_UNINITIALIZED_AUTOS = YES_AGGRESSIVE;
				GCC_WARN_UNUSED_FUNCTION = YES;
				GCC_WARN_UNUSED_VARIABLE = YES;
				MACOSX_DEPLOYMENT_TARGET = 10.10;
				MTL_ENABLE_DEBUG_INFO = YES;
				ONLY_ACTIVE_ARCH = YES;
				SDKROOT = macosx;
			};
			name = Debug;
		};
		2BA32B5B1A908D1D00134940 /* Release */ = {
			isa = XCBuildConfiguration;
			buildSettings = {
				ALWAYS_SEARCH_USER_PATHS = NO;
				CLANG_CXX_LANGUAGE_STANDARD = "gnu++0x";
				CLANG_CXX_LIBRARY = "libc++";
				CLANG_ENABLE_MODULES = YES;
				CLANG_ENABLE_OBJC_ARC = YES;
				CLANG_WARN_BOOL_CONVERSION = YES;
				CLANG_WARN_CONSTANT_CONVERSION = YES;
				CLANG_WARN_DIRECT_OBJC_ISA_USAGE = YES_ERROR;
				CLANG_WARN_EMPTY_BODY = YES;
				CLANG_WARN_ENUM_CONVERSION = YES;
				CLANG_WARN_INT_CONVERSION = YES;
				CLANG_WARN_OBJC_ROOT_CLASS = YES_ERROR;
				CLANG_WARN_UNREACHABLE_CODE = YES;
				CLANG_WARN__DUPLICATE_METHOD_MATCH = YES;
				COPY_PHASE_STRIP = YES;
				DEBUG_INFORMATION_FORMAT = "dwarf-with-dsym";
				ENABLE_NS_ASSERTIONS = NO;
				ENABLE_STRICT_OBJC_MSGSEND = YES;
				GCC_C_LANGUAGE_STANDARD = gnu99;
				GCC_WARN_64_TO_32_BIT_CONVERSION = YES;
				GCC_WARN_ABOUT_RETURN_TYPE = YES_ERROR;
				GCC_WARN_UNDECLARED_SELECTOR = YES;
				GCC_WARN_UNINITIALIZED_AUTOS = YES_AGGRESSIVE;
				GCC_WARN_UNUSED_FUNCTION = YES;
				GCC_WARN_UNUSED_VARIABLE = YES;
				MACOSX_DEPLOYMENT_TARGET = 10.10;
				MTL_ENABLE_DEBUG_INFO = NO;
				SDKROOT = macosx;
			};
			name = Release;
		};
		2BA32B5D1A908D1D00134940 /* Debug */ = {
			isa = XCBuildConfiguration;
			buildSettings = {
				PRODUCT_NAME = "$(TARGET_NAME)";
			};
			name = Debug;
		};
		2BA32B5E1A908D1D00134940 /* Release */ = {
			isa = XCBuildConfiguration;
			buildSettings = {
				PRODUCT_NAME = "$(TARGET_NAME)";
			};
			name = Release;
		};
/* End XCBuildConfiguration section */

/* Begin XCConfigurationList section */
		2BA32B501A908D1D00134940 /* Build configuration list for PBXProject "qyt_render_ver1.5" */ = {
			isa = XCConfigurationList;
			buildConfigurations = (
				2BA32B5A1A908D1D00134940 /* Debug */,
				2BA32B5B1A908D1D00134940 /* Release */,
			);
			defaultConfigurationIsVisible = 0;
			defaultConfigurationName = Release;
		};
		2BA32B5C1A908D1D00134940 /* Build configuration list for PBXNativeTarget "qyt_render_ver1.5" */ = {
			isa = XCConfigurationList;
			buildConfigurations = (
				2BA32B5D1A908D1D00134940 /* Debug */,
				2BA32B5E1A908D1D00134940 /* Release */,
			);
			defaultConfigurationIsVisible = 0;
			defaultConfigurationName = Release;
		};
/* End XCConfigurationList section */
	};
	rootObject = 2BA32B4D1A908D1D00134940 /* Project object */;
}
